# This file is autogenerated, do not edit; changes may be undone by the next 'dep ensure'.


[[projects]]
  branch = "master"
  name = "github.com/britannic/mflag"
  packages = ["."]
  revision = "112278387586f7506be18b0a919af903ee901eda"

[[projects]]
  name = "github.com/cloudflare/cloudflare-go"
  packages = ["."]
  revision = "1f9007fbecae20711133c60519338c41cef1ffb4"
  version = "v0.8.5"

[[projects]]
  branch = "master"
  name = "github.com/gopherjs/gopherjs"
  packages = ["js"]
  revision = "8dffc02ea1cb8398bb73f30424697c60fcf8d4c5"

[[projects]]
  name = "github.com/jtolds/gls"
  packages = ["."]
  revision = "77f18212c9c7edc9bd6a33d383a7b545ce62f064"
  version = "v4.2.1"

[[projects]]
  name = "github.com/pkg/errors"
  packages = ["."]
  revision = "645ef00459ed84a119197bfb8d8205042c6df63d"
  version = "v0.8.0"

[[projects]]
  name = "github.com/smartystreets/assertions"
  packages = [
    ".",
    "internal/go-render/render",
    "internal/oglematchers"
  ]
  revision = "7678a5452ebea5b7090a6b163f844c133f523da2"
  version = "1.8.3"

[[projects]]
  name = "github.com/smartystreets/goconvey"
  packages = [
    "convey",
    "convey/gotest",
    "convey/reporting"
  ]
  revision = "9e8dc3f972df6c8fcc0375ef492c24d0bb204857"
  version = "1.6.3"

[[projects]]
  branch = "master"
  name = "golang.org/x/net"
  packages = ["context"]
  revision = "57065200b4b034a1c8ad54ff77069408c2218ae6"

[[projects]]
  branch = "master"
  name = "golang.org/x/time"
  packages = ["rate"]
  revision = "fbb02b2291d28baffd63558aa44b4b56f178d650"

[solve-meta]
  analyzer-name = "dep"
  analyzer-version = 1
  inputs-digest = "363fedd4c1dfef53287adc930b834c915dfb744d2688a786a17c97c72ee7ad37"
  solver-name = "gps-cdcl"
  solver-version = 1
